
Microsoft Visual Studio Solution File, Format Version 12.00
# Visual Studio Version 17
VisualStudioVersion = 17.11.35327.3
MinimumVisualStudioVersion = 10.0.40219.1
Project("{9A19103F-16F7-4668-BE54-9A1E7A4F7556}") = "JOWheels", "JOWheels\JOWheels.csproj", "{3CCE65A8-43B3-4B73-8906-47EC8B19D931}"
EndProject
Global
	GlobalSection(SolutionConfigurationPlatforms) = preSolution
		Debug|Any CPU = Debug|Any CPU
		Release|Any CPU = Release|Any CPU
	EndGlobalSection
	GlobalSection(ProjectConfigurationPlatforms) = postSolution
		{3CCE65A8-43B3-4B73-8906-47EC8B19D931}.Debug|Any CPU.ActiveCfg = Debug|Any CPU
		{3CCE65A8-43B3-4B73-8906-47EC8B19D931}.Debug|Any CPU.Build.0 = Debug|Any CPU
		{3CCE65A8-43B3-4B73-8906-47EC8B19D931}.Release|Any CPU.ActiveCfg = Release|Any CPU
		{3CCE65A8-43B3-4B73-8906-47EC8B19D931}.Release|Any CPU.Build.0 = Release|Any CPU
	EndGlobalSection
	GlobalSection(SolutionProperties) = preSolution
		HideSolutionNode = FALSE
	EndGlobalSection
	GlobalSection(ExtensibilityGlobals) = postSolution
		SolutionGuid = {BCECDC49-F359-45F9-A0C5-3ACD444B0FBC}
	EndGlobalSection
EndGlobal
